{
  "version": "3",
  "packages": {
    "specifiers": {
      "jsr:@std/assert@1": "jsr:@std/assert@1.0.2",
      "jsr:@std/internal@^1.0.1": "jsr:@std/internal@1.0.1",
      "npm:antlr4@^4.13.2": "npm:antlr4@4.13.2",
      "npm:wabt@^1.0.36": "npm:wabt@1.0.36"
    },
    "jsr": {
      "@std/assert@1.0.2": {
        "integrity": "ccacec332958126deaceb5c63ff8b4eaf9f5ed0eac9feccf124110435e59e49c",
        "dependencies": [
          "jsr:@std/internal@^1.0.1"
        ]
      },
      "@std/internal@1.0.1": {
        "integrity": "6f8c7544d06a11dd256c8d6ba54b11ed870aac6c5aeafff499892662c57673e6"
      }
    },
    "npm": {
      "antlr4@4.13.2": {
        "integrity": "sha512-QiVbZhyy4xAZ17UPEuG3YTOt8ZaoeOR1CvEAqrEsDBsOqINslaB147i9xqljZqoyf5S+EUlGStaj+t22LT9MOg==",
        "dependencies": {}
      },
      "wabt@1.0.36": {
        "integrity": "sha512-GAfEcFyvYRZ51xIZKeeCmIKytTz3ejCeEU9uevGNhEnqt9qXp3a8Q2O4ByZr6rKWcd8jV/Oj5cbDJFtmTYdchg==",
        "dependencies": {}
      }
    }
  },
  "remote": {},
  "workspace": {
    "packageJson": {
      "dependencies": [
        "npm:antlr4@^4.13.2",
        "npm:wabt@^1.0.36"
      ]
    }
  }
}
